# This file is autogenerated, do not edit; changes may be undone by the next 'dep ensure'.


[[projects]]
  branch = "master"
  digest = "1:e205e7ee4f480e5a463bbe2b33c28e330513ae887269e942736ccea027c8d085"
  name = "github.com/flavioltonon/go-chronos"
  packages = [
    "config/column",
    "config/priority",
  ]
  pruneopts = "UT"
  revision = "cd8c8e5df33044e96eb2c66b19176b8fdd1bab83"

[[projects]]
  digest = "1:790e0304833f1a9a0c04487a72fe686c198aab1dc2ad8e0acecd145d86051902"
  name = "github.com/flavioltonon/go-github"
  packages = ["github"]
  pruneopts = "UT"
  revision = "b13eefab072406dd0cb5a9579fa942485d075b27"
  version = "v19.0.1"

[[projects]]
  digest = "1:41206f4d0410803e64cfb203f665330c3183988408cb532b56305a816a87bd99"
  name = "github.com/go-resty/resty"
  packages = ["."]
  pruneopts = "UT"
  revision = "fa5875c0caa5c260ab78acec5a244215a730247f"
  version = "v1.12.0"

[[projects]]
  digest = "1:a63cff6b5d8b95638bfe300385d93b2a6d9d687734b863da8e09dc834510a690"
  name = "github.com/google/go-querystring"
  packages = ["query"]
  pruneopts = "UT"
  revision = "44c6ddd0a2342c386950e880b658017258da92fc"
  version = "v1.0.0"

[[projects]]
  branch = "master"
  digest = "1:e12fad094ec6d45e481330f751a6f46984d111c6c4484b0eb449b5aa24a4ca88"
  name = "golang.org/x/net"
  packages = [
    "idna",
    "publicsuffix",
  ]
  pruneopts = "UT"
  revision = "afa5a82059c6356159f699d81beff22a81842231"

[[projects]]
  digest = "1:a2ab62866c75542dd18d2b069fec854577a20211d7c0ea6ae746072a1dccdd18"
  name = "golang.org/x/text"
  packages = [
    "collate",
    "collate/build",
    "internal/colltab",
    "internal/gen",
    "internal/tag",
    "internal/triegen",
    "internal/ucd",
    "language",
    "secure/bidirule",
    "transform",
    "unicode/bidi",
    "unicode/cldr",
    "unicode/norm",
    "unicode/rangetable",
  ]
  pruneopts = "UT"
  revision = "f21a4dfb5e38f5895301dc265a8def02365cc3d0"
  version = "v0.3.0"

[solve-meta]
  analyzer-name = "dep"
  analyzer-version = 1
  input-imports = [
    "github.com/flavioltonon/go-chronos/config/column",
    "github.com/flavioltonon/go-chronos/config/priority",
    "github.com/flavioltonon/go-github/github",
    "github.com/go-resty/resty",
  ]
  solver-name = "gps-cdcl"
  solver-version = 1
